
Microsoft Visual Studio Solution File, Format Version 11.00
# Visual C++ Express 2010
Project("{8BC9CEB8-8B4A-11D0-8D11-00A0C91BC942}") = "Kaba", "Kaba.vcxproj", "{DDE33657-46F1-A6CD-E1F3-6521B0D5BBF0}"
EndProject
Global
	GlobalSection(SolutionConfigurationPlatforms) = preSolution
		Debug|Win32 = Debug|Win32
		Release|Win32 = Release|Win32
		Unoptimized|Win32 = Unoptimized|Win32
	EndGlobalSection
	GlobalSection(ProjectConfigurationPlatforms) = postSolution
		{DDE33657-46F1-A6CD-E1F3-6521B0D5BBF0}.Debug|Win32.ActiveCfg = Debug|Win32
		{DDE33657-46F1-A6CD-E1F3-6521B0D5BBF0}.Debug|Win32.Build.0 = Debug|Win32
		{DDE33657-46F1-A6CD-E1F3-6521B0D5BBF0}.Release|Win32.ActiveCfg = Release|Win32
		{DDE33657-46F1-A6CD-E1F3-6521B0D5BBF0}.Release|Win32.Build.0 = Release|Win32
		{DDE33657-46F1-A6CD-E1F3-6521B0D5BBF0}.Unoptimized|Win32.ActiveCfg = Unoptimized|Win32
		{DDE33657-46F1-A6CD-E1F3-6521B0D5BBF0}.Unoptimized|Win32.Build.0 = Unoptimized|Win32
	EndGlobalSection
	GlobalSection(SolutionProperties) = preSolution
		HideSolutionNode = FALSE
	EndGlobalSection
EndGlobal
